
Microsoft Visual Studio Solution File, Format Version 12.00
# Visual Studio Version 17
VisualStudioVersion = 17.11.35312.102
MinimumVisualStudioVersion = 10.0.40219.1
Project("{FAE04EC0-301F-11D3-BF4B-00C04F79EFBC}") = "Ticket_Management_app", "Ticket_Management_app\Ticket_Management_app.csproj", "{2832425B-9F66-4858-960B-10D8D806DD1F}"
EndProject
Global
	GlobalSection(SolutionConfigurationPlatforms) = preSolution
		Debug|Any CPU = Debug|Any CPU
		Release|Any CPU = Release|Any CPU
	EndGlobalSection
	GlobalSection(ProjectConfigurationPlatforms) = postSolution
		{2832425B-9F66-4858-960B-10D8D806DD1F}.Debug|Any CPU.ActiveCfg = Debug|Any CPU
		{2832425B-9F66-4858-960B-10D8D806DD1F}.Debug|Any CPU.Build.0 = Debug|Any CPU
		{2832425B-9F66-4858-960B-10D8D806DD1F}.Release|Any CPU.ActiveCfg = Release|Any CPU
		{2832425B-9F66-4858-960B-10D8D806DD1F}.Release|Any CPU.Build.0 = Release|Any CPU
	EndGlobalSection
	GlobalSection(SolutionProperties) = preSolution
		HideSolutionNode = FALSE
	EndGlobalSection
	GlobalSection(ExtensibilityGlobals) = postSolution
		SolutionGuid = {AC6E96C0-D0B8-4D3A-BF86-54011C9F6AFD}
	EndGlobalSection
EndGlobal
